
Microsoft Visual Studio Solution File, Format Version 12.00
# Visual Studio 15
VisualStudioVersion = 15.0.27526.0
MinimumVisualStudioVersion = 10.0.40219.1
Project("{FAE04EC0-301F-11D3-BF4B-00C04F79EFBC}") = "WebPublishCommandlineSample", "WebPublishCommandlineSample\WebPublishCommandlineSample.csproj", "{D7537068-5D21-4A79-988F-BDE19210C217}"
EndProject
Global
	GlobalSection(SolutionConfigurationPlatforms) = preSolution
		Debug|Any CPU = Debug|Any CPU
		Release|Any CPU = Release|Any CPU
	EndGlobalSection
	GlobalSection(ProjectConfigurationPlatforms) = postSolution
		{D7537068-5D21-4A79-988F-BDE19210C217}.Debug|Any CPU.ActiveCfg = Debug|Any CPU
		{D7537068-5D21-4A79-988F-BDE19210C217}.Debug|Any CPU.Build.0 = Debug|Any CPU
		{D7537068-5D21-4A79-988F-BDE19210C217}.Release|Any CPU.ActiveCfg = Release|Any CPU
		{D7537068-5D21-4A79-988F-BDE19210C217}.Release|Any CPU.Build.0 = Release|Any CPU
	EndGlobalSection
	GlobalSection(SolutionProperties) = preSolution
		HideSolutionNode = FALSE
	EndGlobalSection
	GlobalSection(ExtensibilityGlobals) = postSolution
		SolutionGuid = {4C7BE839-21B1-4E48-8DAB-A620A0AA26FA}
	EndGlobalSection
EndGlobal
